<?xml version="1.0" encoding="utf-8"?>
<Project ToolsVersion="4.0" xmlns="http://schemas.microsoft.com/developer/msbuild/2003">
  <ItemGroup>
    <ClCompile Include="Model\Character\Character.cpp" />
    <ClCompile Include="Model\Item\ConsumableItem.cpp" />
    <ClCompile Include="Controller\Controller.cpp" />
    <ClCompile Include="Model\Location\Directions.cpp" />
    <ClCompile Include="States\CreditsState.cpp" />
    <ClCompile Include="Model\Item\GameObject.cpp" />
    <ClCompile Include="States\FightState.cpp" />
    <ClCompile Include="States\GameState.cpp" />
    <ClCompile Include="Controller\GameStateMachine.cpp" />
    <ClCompile Include="Model\Location\Hallway.cpp" />
    <ClCompile Include="Controller\InputHandler.cpp" />
    <ClCompile Include="Model\Item\Item.cpp" />
    <ClCompile Include="Model\Location\Location.cpp" />
    <ClCompile Include="States\MainMenuState.cpp" />
    <ClCompile Include="Model\Location\Map.cpp" />
    <ClCompile Include="Model\Character\Player.cpp" />
    <ClCompile Include="Controller\Game.cpp" />
    <ClCompile Include="States\PlayState.cpp" />
    <ClCompile Include="RogueDungeonMain.cpp" />
    <ClCompile Include="Model\Location\Room.cpp" />
    <ClCompile Include="Model\Location\Staircase.cpp" />
    <ClCompile Include="Library\stdafx.cpp" />
    <ClCompile Include="Model\Location\Trap.cpp" />
    <ClCompile Include="Model\Item\UsableItem.cpp" />
    <ClCompile Include="Model\Item\WearableItem.cpp" />
    <ClCompile Include="Factory\MainFactory.cpp" />
    <ClCompile Include="Factory\CharacterFactory.cpp" />
    <ClCompile Include="Model\Character\Enemy\Enemy.cpp" />
    <ClCompile Include="Model\Character\Enemy\FollowingEnemy.cpp" />
    <ClCompile Include="Factory\ItemFactory.cpp" />
    <ClCompile Include="Enum\Enum.cpp" />
    <ClCompile Include="Factory\LocationFactory.cpp" />
  </ItemGroup>
  <ItemGroup>
    <ClInclude Include="Model\Character\Character.h" />
    <ClInclude Include="Model\Item\ConsumableItem.h" />
    <ClInclude Include="Controller\Controller.h" />
    <ClInclude Include="States\CreditsState.h" />
    <ClInclude Include="Controller\Game.h" />
    <ClInclude Include="Model\Item\GameObject.h" />
    <ClInclude Include="States\FightState.h" />
    <ClInclude Include="States\GameState.h" />
    <ClInclude Include="Controller\GameStateMachine.h" />
    <ClInclude Include="Model\Location\Hallway.h" />
    <ClInclude Include="Model\Location\Directions.h" />
    <ClInclude Include="Controller\InputHandler.h" />
    <ClInclude Include="Model\Item\Item.h" />
    <ClInclude Include="Model\Location\Location.h" />
    <ClInclude Include="States\MainMenuState.h" />
    <ClInclude Include="Model\Location\Map.h" />
    <ClInclude Include="Model\Character\Player.h" />
    <ClInclude Include="States\PlayState.h" />
    <ClInclude Include="Model\Location\Room.h" />
    <ClInclude Include="Model\Location\Staircase.h" />
    <ClInclude Include="Library\stdafx.h" />
    <ClInclude Include="Library\targetver.h" />
    <ClInclude Include="Model\Location\Trap.h" />
    <ClInclude Include="Model\Item\UsableItem.h" />
    <ClInclude Include="Model\Item\WearableItem.h" />
    <ClInclude Include="Factory\MainFactory.h" />
    <ClInclude Include="Factory\CharacterFactory.h" />
    <ClInclude Include="Model\Character\Enemy\Enemy.h" />
    <ClInclude Include="Model\Character\Enemy\FollowingEnemy.h" />
    <ClInclude Include="Factory\ItemFactory.h" />
    <ClInclude Include="Enum\Enum.h" />
    <ClInclude Include="Factory\LocationFactory.h" />
  </ItemGroup>
  <ItemGroup>
    <Xml Include="Inputfiles\example1.xml" />
  </ItemGroup>
  <ItemGroup>
    <None Include="packages.config" />
  </ItemGroup>
  <ItemGroup>
    <Text Include="Inputfiles\enemies.txt" />
    <Text Include="Inputfiles\items.txt" />
    <Text Include="Inputfiles\room_description.txt" />
    <Text Include="Inputfiles\States\creditsstate.txt" />
    <Text Include="Inputfiles\States\mainmenustate.txt" />
    <Text Include="Inputfiles\States\playstate.txt" />
    <Text Include="Inputfiles\traps.txt" />
    <Text Include="ReadMe.txt" />
  </ItemGroup>
</Project>